
Microsoft Visual Studio Solution File, Format Version 12.00
# Visual Studio Version 16
VisualStudioVersion = 16.0.31424.327
MinimumVisualStudioVersion = 10.0.40219.1
Project("{FAE04EC0-301F-11D3-BF4B-00C04F79EFBC}") = "ByteBank", "ByteBank\ByteBank.csproj", "{C1092E90-738E-459C-84EA-43F287FC6411}"
EndProject
Global
	GlobalSection(SolutionConfigurationPlatforms) = preSolution
		Debug|Any CPU = Debug|Any CPU
		Release|Any CPU = Release|Any CPU
	EndGlobalSection
	GlobalSection(ProjectConfigurationPlatforms) = postSolution
		{C1092E90-738E-459C-84EA-43F287FC6411}.Debug|Any CPU.ActiveCfg = Debug|Any CPU
		{C1092E90-738E-459C-84EA-43F287FC6411}.Debug|Any CPU.Build.0 = Debug|Any CPU
		{C1092E90-738E-459C-84EA-43F287FC6411}.Release|Any CPU.ActiveCfg = Release|Any CPU
		{C1092E90-738E-459C-84EA-43F287FC6411}.Release|Any CPU.Build.0 = Release|Any CPU
	EndGlobalSection
	GlobalSection(SolutionProperties) = preSolution
		HideSolutionNode = FALSE
	EndGlobalSection
	GlobalSection(ExtensibilityGlobals) = postSolution
		SolutionGuid = {E6F99739-AB8F-4D70-ACD0-73790060356C}
	EndGlobalSection
EndGlobal
